
Microsoft Visual Studio Solution File, Format Version 12.00
# Visual Studio Version 17
VisualStudioVersion = 17.0.31903.59
MinimumVisualStudioVersion = 10.0.40219.1
Project("{2150E333-8FDC-42A3-9474-1A3956D46DE8}") = "src", "src", "{3DAA84D2-5B8D-4841-8B2A-B91CC800A7BA}"
EndProject
Project("{9A19103F-16F7-4668-BE54-9A1E7A4F7556}") = "AuctionService", "src\AuctionService\AuctionService.csproj", "{BFE8CD36-1455-42F8-89F1-2EE631F5F978}"
EndProject
Project("{9A19103F-16F7-4668-BE54-9A1E7A4F7556}") = "SearchService", "src\SearchService\SearchService.csproj", "{D05CA06F-553A-4BE0-AC78-FA25D41BF21C}"
EndProject
Project("{9A19103F-16F7-4668-BE54-9A1E7A4F7556}") = "Contracts", "src\Contracts\Contracts.csproj", "{E68F5AD1-616A-4BA8-9302-C15D309CE515}"
EndProject
Project("{9A19103F-16F7-4668-BE54-9A1E7A4F7556}") = "IdentityService", "src\IdentityService\IdentityService.csproj", "{A1A6E4F0-A6C5-4CCE-9BC1-81AB328FE49D}"
EndProject
Project("{9A19103F-16F7-4668-BE54-9A1E7A4F7556}") = "GatewayService", "src\GatewayService\GatewayService.csproj", "{91BD2A26-3DF4-449D-90D2-6B1BA00A9B5E}"
EndProject
Project("{FAE04EC0-301F-11D3-BF4B-00C04F79EFBC}") = "BiddingService", "src\BiddingService\BiddingService.csproj", "{7C5CD573-9B99-4DF8-845E-34091F970AF2}"
EndProject
Global
	GlobalSection(SolutionConfigurationPlatforms) = preSolution
		Debug|Any CPU = Debug|Any CPU
		Release|Any CPU = Release|Any CPU
	EndGlobalSection
	GlobalSection(ProjectConfigurationPlatforms) = postSolution
		{BFE8CD36-1455-42F8-89F1-2EE631F5F978}.Debug|Any CPU.ActiveCfg = Debug|Any CPU
		{BFE8CD36-1455-42F8-89F1-2EE631F5F978}.Debug|Any CPU.Build.0 = Debug|Any CPU
		{BFE8CD36-1455-42F8-89F1-2EE631F5F978}.Release|Any CPU.ActiveCfg = Release|Any CPU
		{BFE8CD36-1455-42F8-89F1-2EE631F5F978}.Release|Any CPU.Build.0 = Release|Any CPU
		{D05CA06F-553A-4BE0-AC78-FA25D41BF21C}.Debug|Any CPU.ActiveCfg = Debug|Any CPU
		{D05CA06F-553A-4BE0-AC78-FA25D41BF21C}.Debug|Any CPU.Build.0 = Debug|Any CPU
		{D05CA06F-553A-4BE0-AC78-FA25D41BF21C}.Release|Any CPU.ActiveCfg = Release|Any CPU
		{D05CA06F-553A-4BE0-AC78-FA25D41BF21C}.Release|Any CPU.Build.0 = Release|Any CPU
		{E68F5AD1-616A-4BA8-9302-C15D309CE515}.Debug|Any CPU.ActiveCfg = Debug|Any CPU
		{E68F5AD1-616A-4BA8-9302-C15D309CE515}.Debug|Any CPU.Build.0 = Debug|Any CPU
		{E68F5AD1-616A-4BA8-9302-C15D309CE515}.Release|Any CPU.ActiveCfg = Release|Any CPU
		{E68F5AD1-616A-4BA8-9302-C15D309CE515}.Release|Any CPU.Build.0 = Release|Any CPU
		{A1A6E4F0-A6C5-4CCE-9BC1-81AB328FE49D}.Debug|Any CPU.ActiveCfg = Debug|Any CPU
		{A1A6E4F0-A6C5-4CCE-9BC1-81AB328FE49D}.Debug|Any CPU.Build.0 = Debug|Any CPU
		{A1A6E4F0-A6C5-4CCE-9BC1-81AB328FE49D}.Release|Any CPU.ActiveCfg = Release|Any CPU
		{A1A6E4F0-A6C5-4CCE-9BC1-81AB328FE49D}.Release|Any CPU.Build.0 = Release|Any CPU
		{91BD2A26-3DF4-449D-90D2-6B1BA00A9B5E}.Debug|Any CPU.ActiveCfg = Debug|Any CPU
		{91BD2A26-3DF4-449D-90D2-6B1BA00A9B5E}.Debug|Any CPU.Build.0 = Debug|Any CPU
		{91BD2A26-3DF4-449D-90D2-6B1BA00A9B5E}.Release|Any CPU.ActiveCfg = Release|Any CPU
		{91BD2A26-3DF4-449D-90D2-6B1BA00A9B5E}.Release|Any CPU.Build.0 = Release|Any CPU
		{7C5CD573-9B99-4DF8-845E-34091F970AF2}.Debug|Any CPU.ActiveCfg = Debug|Any CPU
		{7C5CD573-9B99-4DF8-845E-34091F970AF2}.Debug|Any CPU.Build.0 = Debug|Any CPU
		{7C5CD573-9B99-4DF8-845E-34091F970AF2}.Release|Any CPU.ActiveCfg = Release|Any CPU
		{7C5CD573-9B99-4DF8-845E-34091F970AF2}.Release|Any CPU.Build.0 = Release|Any CPU
	EndGlobalSection
	GlobalSection(SolutionProperties) = preSolution
		HideSolutionNode = FALSE
	EndGlobalSection
	GlobalSection(NestedProjects) = preSolution
		{BFE8CD36-1455-42F8-89F1-2EE631F5F978} = {3DAA84D2-5B8D-4841-8B2A-B91CC800A7BA}
		{D05CA06F-553A-4BE0-AC78-FA25D41BF21C} = {3DAA84D2-5B8D-4841-8B2A-B91CC800A7BA}
		{E68F5AD1-616A-4BA8-9302-C15D309CE515} = {3DAA84D2-5B8D-4841-8B2A-B91CC800A7BA}
		{A1A6E4F0-A6C5-4CCE-9BC1-81AB328FE49D} = {3DAA84D2-5B8D-4841-8B2A-B91CC800A7BA}
		{91BD2A26-3DF4-449D-90D2-6B1BA00A9B5E} = {3DAA84D2-5B8D-4841-8B2A-B91CC800A7BA}
		{7C5CD573-9B99-4DF8-845E-34091F970AF2} = {3DAA84D2-5B8D-4841-8B2A-B91CC800A7BA}
	EndGlobalSection
	GlobalSection(ExtensibilityGlobals) = postSolution
		SolutionGuid = {5BB087F5-7A15-43D1-921C-98677EACC516}
	EndGlobalSection
EndGlobal
