
Microsoft Visual Studio Solution File, Format Version 12.00
# Visual Studio Version 17
VisualStudioVersion = 17.0.31903.59
MinimumVisualStudioVersion = 10.0.40219.1
Project("{2150E333-8FDC-42A3-9474-1A3956D46DE8}") = "src", "src", "{3DAA84D2-5B8D-4841-8B2A-B91CC800A7BA}"
EndProject
Project("{FAE04EC0-301F-11D3-BF4B-00C04F79EFBC}") = "AuctionService", "src\AuctionService\AuctionService.csproj", "{BFE8CD36-1455-42F8-89F1-2EE631F5F978}"
EndProject
Global
	GlobalSection(SolutionConfigurationPlatforms) = preSolution
		Debug|Any CPU = Debug|Any CPU
		Release|Any CPU = Release|Any CPU
	EndGlobalSection
	GlobalSection(ProjectConfigurationPlatforms) = postSolution
		{BFE8CD36-1455-42F8-89F1-2EE631F5F978}.Debug|Any CPU.ActiveCfg = Debug|Any CPU
		{BFE8CD36-1455-42F8-89F1-2EE631F5F978}.Debug|Any CPU.Build.0 = Debug|Any CPU
		{BFE8CD36-1455-42F8-89F1-2EE631F5F978}.Release|Any CPU.ActiveCfg = Release|Any CPU
		{BFE8CD36-1455-42F8-89F1-2EE631F5F978}.Release|Any CPU.Build.0 = Release|Any CPU
	EndGlobalSection
	GlobalSection(SolutionProperties) = preSolution
		HideSolutionNode = FALSE
	EndGlobalSection
	GlobalSection(NestedProjects) = preSolution
		{BFE8CD36-1455-42F8-89F1-2EE631F5F978} = {3DAA84D2-5B8D-4841-8B2A-B91CC800A7BA}
	EndGlobalSection
EndGlobal
